
Microsoft Visual Studio Solution File, Format Version 12.00
# Visual Studio Version 16
VisualStudioVersion = 16.0.30804.86
MinimumVisualStudioVersion = 10.0.40219.1
Project("{FAE04EC0-301F-11D3-BF4B-00C04F79EFBC}") = "Senai.Gerir.Api", "Senai.Gerir.Api\Senai.Gerir.Api.csproj", "{05A5CCEF-56FF-4424-B1C9-A6C925218713}"
EndProject
Global
	GlobalSection(SolutionConfigurationPlatforms) = preSolution
		Debug|Any CPU = Debug|Any CPU
		Release|Any CPU = Release|Any CPU
	EndGlobalSection
	GlobalSection(ProjectConfigurationPlatforms) = postSolution
		{05A5CCEF-56FF-4424-B1C9-A6C925218713}.Debug|Any CPU.ActiveCfg = Debug|Any CPU
		{05A5CCEF-56FF-4424-B1C9-A6C925218713}.Debug|Any CPU.Build.0 = Debug|Any CPU
		{05A5CCEF-56FF-4424-B1C9-A6C925218713}.Release|Any CPU.ActiveCfg = Release|Any CPU
		{05A5CCEF-56FF-4424-B1C9-A6C925218713}.Release|Any CPU.Build.0 = Release|Any CPU
	EndGlobalSection
	GlobalSection(SolutionProperties) = preSolution
		HideSolutionNode = FALSE
	EndGlobalSection
	GlobalSection(ExtensibilityGlobals) = postSolution
		SolutionGuid = {71E70549-EB90-4319-AC29-B8DBC66BDA3F}
	EndGlobalSection
EndGlobal
